// !$*UTF8*$!
{
	archiveVersion = 1;
	classes = {
	};
	objectVersion = 42;
	objects = {

/* Begin PBXBuildFile section */
		A901BA250AE35A5200DE485F /* EZPortForwardClient.m in Sources */ = {isa = PBXBuildFile; fileRef = A94F338B0AD974F300DEF1FD /* EZPortForwardClient.m */; };
		A901BA260AE35A5400DE485F /* EZPortForwardClient.h in Headers */ = {isa = PBXBuildFile; fileRef = A94F338A0AD974F300DEF1FD /* EZPortForwardClient.h */; settings = {ATTRIBUTES = (); }; };
		A901BA2A0AE35AA500DE485F /* EZPortMapper.m in Sources */ = {isa = PBXBuildFile; fileRef = A91E5DA80AD021C60027EC75 /* EZPortMapper.m */; };
		A901BA2B0AE35AA900DE485F /* EZPortMapper.h in Headers */ = {isa = PBXBuildFile; fileRef = A91E5DA70AD021C60027EC75 /* EZPortMapper.h */; settings = {ATTRIBUTES = (Public, ); }; };
		A901BA2F0AE35AC600DE485F /* OpenPort.h in Headers */ = {isa = PBXBuildFile; fileRef = A901BA2E0AE35AC600DE485F /* OpenPort.h */; settings = {ATTRIBUTES = (Public, ); }; };
		A94F31240AD3731400DEF1FD /* Foundation.framework in Frameworks */ = {isa = PBXBuildFile; fileRef = 08FB779EFE84155DC02AAC07 /* Foundation.framework */; };
		A94F31A10AD3731700DEF1FD /* SystemConfiguration.framework in Frameworks */ = {isa = PBXBuildFile; fileRef = A94F2FA80AD05B4100DEF1FD /* SystemConfiguration.framework */; };
		A94F31C00AD3735000DEF1FD /* CoreFoundation.framework in Frameworks */ = {isa = PBXBuildFile; fileRef = A91E5DAF0AD0221E0027EC75 /* CoreFoundation.framework */; };
		A94F321A0AD5F82400DEF1FD /* PortForwardingHelper.m in Sources */ = {isa = PBXBuildFile; fileRef = A94F31EB0AD3738D00DEF1FD /* PortForwardingHelper.m */; };
		A94F321B0AD5F82400DEF1FD /* PortForwardServer.m in Sources */ = {isa = PBXBuildFile; fileRef = A94F32060AD5F5F300DEF1FD /* PortForwardServer.m */; };
		A94F328D0AD78E3F00DEF1FD /* PortForwardTest.m in Sources */ = {isa = PBXBuildFile; fileRef = A94F32510AD6023600DEF1FD /* PortForwardTest.m */; };
		A94F328E0AD78E4800DEF1FD /* Foundation.framework in Frameworks */ = {isa = PBXBuildFile; fileRef = 08FB779EFE84155DC02AAC07 /* Foundation.framework */; };
		A987149C0AE8646000E1BBAC /* PortForwardingHelper in CopyFiles */ = {isa = PBXBuildFile; fileRef = A94F31220AD372C700DEF1FD /* PortForwardingHelper */; };
		A98714B70AE865BD00E1BBAC /* OpenPort.framework in Frameworks */ = {isa = PBXBuildFile; fileRef = A901BA190AE35A0B00DE485F /* OpenPort.framework */; };
		A9CDD13C0ADE07AC00CB596D /* EZPortMapperHelpers.m in Sources */ = {isa = PBXBuildFile; fileRef = A94F304C0AD0C72400DEF1FD /* EZPortMapperHelpers.m */; };
/* End PBXBuildFile section */

/* Begin PBXContainerItemProxy section */
		A901BA230AE35A2700DE485F /* PBXContainerItemProxy */ = {
			isa = PBXContainerItemProxy;
			containerPortal = 08FB7793FE84155DC02AAC07 /* Project object */;
			proxyType = 1;
			remoteGlobalIDString = A94F31210AD372C700DEF1FD;
			remoteInfo = PortForwardingHelper;
		};
		A98714180AE8640800E1BBAC /* PBXContainerItemProxy */ = {
			isa = PBXContainerItemProxy;
			containerPortal = 08FB7793FE84155DC02AAC07 /* Project object */;
			proxyType = 1;
			remoteGlobalIDString = A901BA180AE35A0B00DE485F;
			remoteInfo = "OpenPort Framework";
		};
/* End PBXContainerItemProxy section */

/* Begin PBXCopyFilesBuildPhase section */
		A987141E0AE8644300E1BBAC /* CopyFiles */ = {
			isa = PBXCopyFilesBuildPhase;
			buildActionMask = 2147483647;
			dstPath = "";
			dstSubfolderSpec = 7;
			files = (
				A987149C0AE8646000E1BBAC /* PortForwardingHelper in CopyFiles */,
			);
			runOnlyForDeploymentPostprocessing = 0;
		};
/* End PBXCopyFilesBuildPhase section */

/* Begin PBXFileReference section */
		08FB7796FE84155DC02AAC07 /* PMPKitTest.m */ = {isa = PBXFileReference; fileEncoding = 4; lastKnownFileType = sourcecode.c.objc; name = PMPKitTest.m; path = Source/PMPKitTest.m; sourceTree = "<group>"; };
		08FB779EFE84155DC02AAC07 /* Foundation.framework */ = {isa = PBXFileReference; lastKnownFileType = wrapper.framework; name = Foundation.framework; path = /System/Library/Frameworks/Foundation.framework; sourceTree = "<absolute>"; };
		32A70AAB03705E1F00C91783 /* PMPKit_Prefix.pch */ = {isa = PBXFileReference; fileEncoding = 4; lastKnownFileType = sourcecode.c.h; path = PMPKit_Prefix.pch; sourceTree = "<group>"; };
		A901BA190AE35A0B00DE485F /* OpenPort.framework */ = {isa = PBXFileReference; explicitFileType = wrapper.framework; includeInIndex = 0; path = OpenPort.framework; sourceTree = BUILT_PRODUCTS_DIR; };
		A901BA1A0AE35A0B00DE485F /* OpenPort Framework-Info.plist */ = {isa = PBXFileReference; lastKnownFileType = text.xml; path = "OpenPort Framework-Info.plist"; sourceTree = "<group>"; };
		A901BA2E0AE35AC600DE485F /* OpenPort.h */ = {isa = PBXFileReference; fileEncoding = 4; lastKnownFileType = sourcecode.c.h; path = OpenPort.h; sourceTree = "<group>"; };
		A91E5DA70AD021C60027EC75 /* EZPortMapper.h */ = {isa = PBXFileReference; fileEncoding = 4; lastKnownFileType = sourcecode.c.h; name = EZPortMapper.h; path = Source/EZPortMapper.h; sourceTree = "<group>"; };
		A91E5DA80AD021C60027EC75 /* EZPortMapper.m */ = {isa = PBXFileReference; fileEncoding = 4; lastKnownFileType = sourcecode.c.objc; name = EZPortMapper.m; path = Source/EZPortMapper.m; sourceTree = "<group>"; };
		A91E5DAF0AD0221E0027EC75 /* CoreFoundation.framework */ = {isa = PBXFileReference; lastKnownFileType = wrapper.framework; name = CoreFoundation.framework; path = /System/Library/Frameworks/CoreFoundation.framework; sourceTree = "<absolute>"; };
		A94F2FA80AD05B4100DEF1FD /* SystemConfiguration.framework */ = {isa = PBXFileReference; lastKnownFileType = wrapper.framework; name = SystemConfiguration.framework; path = /System/Library/Frameworks/SystemConfiguration.framework; sourceTree = "<absolute>"; };
		A94F304B0AD0C72400DEF1FD /* EZPortMapperHelpers.h */ = {isa = PBXFileReference; fileEncoding = 4; lastKnownFileType = sourcecode.c.h; name = EZPortMapperHelpers.h; path = Source/EZPortMapperHelpers.h; sourceTree = "<group>"; };
		A94F304C0AD0C72400DEF1FD /* EZPortMapperHelpers.m */ = {isa = PBXFileReference; fileEncoding = 4; lastKnownFileType = sourcecode.c.objc; name = EZPortMapperHelpers.m; path = Source/EZPortMapperHelpers.m; sourceTree = "<group>"; };
		A94F31220AD372C700DEF1FD /* PortForwardingHelper */ = {isa = PBXFileReference; explicitFileType = "compiled.mach-o.executable"; includeInIndex = 0; path = PortForwardingHelper; sourceTree = BUILT_PRODUCTS_DIR; };
		A94F31EB0AD3738D00DEF1FD /* PortForwardingHelper.m */ = {isa = PBXFileReference; fileEncoding = 4; lastKnownFileType = sourcecode.c.objc; name = PortForwardingHelper.m; path = Source/PortForwardingHelper/PortForwardingHelper.m; sourceTree = "<group>"; };
		A94F32050AD5F5F300DEF1FD /* PortForwardServer.h */ = {isa = PBXFileReference; fileEncoding = 4; lastKnownFileType = sourcecode.c.h; name = PortForwardServer.h; path = Source/PortForwardingHelper/PortForwardServer.h; sourceTree = "<group>"; };
		A94F32060AD5F5F300DEF1FD /* PortForwardServer.m */ = {isa = PBXFileReference; fileEncoding = 4; lastKnownFileType = sourcecode.c.objc; name = PortForwardServer.m; path = Source/PortForwardingHelper/PortForwardServer.m; sourceTree = "<group>"; };
		A94F32500AD6023600DEF1FD /* PortForwardTest.h */ = {isa = PBXFileReference; fileEncoding = 4; lastKnownFileType = sourcecode.c.h; name = PortForwardTest.h; path = Source/PortForwardingHelper/PortForwardTest.h; sourceTree = "<group>"; };
		A94F32510AD6023600DEF1FD /* PortForwardTest.m */ = {isa = PBXFileReference; fileEncoding = 4; lastKnownFileType = sourcecode.c.objc; name = PortForwardTest.m; path = Source/PortForwardingHelper/PortForwardTest.m; sourceTree = "<group>"; };
		A94F32880AD78C2B00DEF1FD /* PortForwardingTester */ = {isa = PBXFileReference; explicitFileType = "compiled.mach-o.executable"; includeInIndex = 0; path = PortForwardingTester; sourceTree = BUILT_PRODUCTS_DIR; };
		A94F338A0AD974F300DEF1FD /* EZPortForwardClient.h */ = {isa = PBXFileReference; fileEncoding = 4; lastKnownFileType = sourcecode.c.h; name = EZPortForwardClient.h; path = Source/PortForwardingHelper/EZPortForwardClient.h; sourceTree = "<group>"; };
		A94F338B0AD974F300DEF1FD /* EZPortForwardClient.m */ = {isa = PBXFileReference; fileEncoding = 4; lastKnownFileType = sourcecode.c.objc; name = EZPortForwardClient.m; path = Source/PortForwardingHelper/EZPortForwardClient.m; sourceTree = "<group>"; };
/* End PBXFileReference section */

/* Begin PBXFrameworksBuildPhase section */
		A901BA170AE35A0B00DE485F /* Frameworks */ = {
			isa = PBXFrameworksBuildPhase;
			buildActionMask = 2147483647;
			files = (
			);
			runOnlyForDeploymentPostprocessing = 0;
		};
		A94F31200AD372C700DEF1FD /* Frameworks */ = {
			isa = PBXFrameworksBuildPhase;
			buildActionMask = 2147483647;
			files = (
				A94F31C00AD3735000DEF1FD /* CoreFoundation.framework in Frameworks */,
				A94F31A10AD3731700DEF1FD /* SystemConfiguration.framework in Frameworks */,
				A94F31240AD3731400DEF1FD /* Foundation.framework in Frameworks */,
			);
			runOnlyForDeploymentPostprocessing = 0;
		};
		A94F32860AD78C2B00DEF1FD /* Frameworks */ = {
			isa = PBXFrameworksBuildPhase;
			buildActionMask = 2147483647;
			files = (
				A98714B70AE865BD00E1BBAC /* OpenPort.framework in Frameworks */,
				A94F328E0AD78E4800DEF1FD /* Foundation.framework in Frameworks */,
			);
			runOnlyForDeploymentPostprocessing = 0;
		};
/* End PBXFrameworksBuildPhase section */

/* Begin PBXGroup section */
		08FB7794FE84155DC02AAC07 /* PMPKit */ = {
			isa = PBXGroup;
			children = (
				A94F32020AD5F5D000DEF1FD /* Port Forward Helper */,
				08FB7795FE84155DC02AAC07 /* Source */,
				C6859EA2029092E104C91782 /* Documentation */,
				08FB779DFE84155DC02AAC07 /* External Frameworks and Libraries */,
				1AB674ADFE9D54B511CA2CBB /* Products */,
				A901BA1A0AE35A0B00DE485F /* OpenPort Framework-Info.plist */,
			);
			name = PMPKit;
			sourceTree = "<group>";
		};
		08FB7795FE84155DC02AAC07 /* Source */ = {
			isa = PBXGroup;
			children = (
				A901BA2E0AE35AC600DE485F /* OpenPort.h */,
				A94F304B0AD0C72400DEF1FD /* EZPortMapperHelpers.h */,
				A94F304C0AD0C72400DEF1FD /* EZPortMapperHelpers.m */,
				32A70AAB03705E1F00C91783 /* PMPKit_Prefix.pch */,
				08FB7796FE84155DC02AAC07 /* PMPKitTest.m */,
				A91E5DA70AD021C60027EC75 /* EZPortMapper.h */,
				A91E5DA80AD021C60027EC75 /* EZPortMapper.m */,
			);
			name = Source;
			sourceTree = "<group>";
		};
		08FB779DFE84155DC02AAC07 /* External Frameworks and Libraries */ = {
			isa = PBXGroup;
			children = (
				A94F2FA80AD05B4100DEF1FD /* SystemConfiguration.framework */,
				A91E5DAF0AD0221E0027EC75 /* CoreFoundation.framework */,
				08FB779EFE84155DC02AAC07 /* Foundation.framework */,
			);
			name = "External Frameworks and Libraries";
			sourceTree = "<group>";
		};
		1AB674ADFE9D54B511CA2CBB /* Products */ = {
			isa = PBXGroup;
			children = (
				A94F31220AD372C700DEF1FD /* PortForwardingHelper */,
				A94F32880AD78C2B00DEF1FD /* PortForwardingTester */,
				A901BA190AE35A0B00DE485F /* OpenPort.framework */,
			);
			name = Products;
			sourceTree = "<group>";
		};
		A94F32020AD5F5D000DEF1FD /* Port Forward Helper */ = {
			isa = PBXGroup;
			children = (
				A94F31EB0AD3738D00DEF1FD /* PortForwardingHelper.m */,
				A94F32050AD5F5F300DEF1FD /* PortForwardServer.h */,
				A94F32060AD5F5F300DEF1FD /* PortForwardServer.m */,
				A94F32500AD6023600DEF1FD /* PortForwardTest.h */,
				A94F32510AD6023600DEF1FD /* PortForwardTest.m */,
				A94F338A0AD974F300DEF1FD /* EZPortForwardClient.h */,
				A94F338B0AD974F300DEF1FD /* EZPortForwardClient.m */,
			);
			name = "Port Forward Helper";
			sourceTree = "<group>";
		};
		C6859EA2029092E104C91782 /* Documentation */ = {
			isa = PBXGroup;
			children = (
			);
			name = Documentation;
			sourceTree = "<group>";
		};
/* End PBXGroup section */

/* Begin PBXHeadersBuildPhase section */
		A901BA140AE35A0B00DE485F /* Headers */ = {
			isa = PBXHeadersBuildPhase;
			buildActionMask = 2147483647;
			files = (
				A901BA260AE35A5400DE485F /* EZPortForwardClient.h in Headers */,
				A901BA2B0AE35AA900DE485F /* EZPortMapper.h in Headers */,
				A901BA2F0AE35AC600DE485F /* OpenPort.h in Headers */,
			);
			runOnlyForDeploymentPostprocessing = 0;
		};
/* End PBXHeadersBuildPhase section */

/* Begin PBXNativeTarget section */
		A901BA180AE35A0B00DE485F /* OpenPort Framework */ = {
			isa = PBXNativeTarget;
			buildConfigurationList = A901BA1C0AE35A0C00DE485F /* Build configuration list for PBXNativeTarget "OpenPort Framework" */;
			buildPhases = (
				A901BA140AE35A0B00DE485F /* Headers */,
				A901BA150AE35A0B00DE485F /* Resources */,
				A901BA160AE35A0B00DE485F /* Sources */,
				A901BA170AE35A0B00DE485F /* Frameworks */,
				A987141E0AE8644300E1BBAC /* CopyFiles */,
			);
			buildRules = (
			);
			dependencies = (
				A901BA240AE35A2700DE485F /* PBXTargetDependency */,
			);
			name = "OpenPort Framework";
			productName = "OpenPort Framework";
			productReference = A901BA190AE35A0B00DE485F /* OpenPort.framework */;
			productType = "com.apple.product-type.framework";
		};
		A94F31210AD372C700DEF1FD /* PortForwardingHelper */ = {
			isa = PBXNativeTarget;
			buildConfigurationList = A94F31BB0AD3733500DEF1FD /* Build configuration list for PBXNativeTarget "PortForwardingHelper" */;
			buildPhases = (
				A94F311F0AD372C700DEF1FD /* Sources */,
				A94F31200AD372C700DEF1FD /* Frameworks */,
			);
			buildRules = (
			);
			dependencies = (
			);
			name = PortForwardingHelper;
			productName = PortForwardingHelper;
			productReference = A94F31220AD372C700DEF1FD /* PortForwardingHelper */;
			productType = "com.apple.product-type.tool";
		};
		A94F32870AD78C2B00DEF1FD /* PortForwardingTester */ = {
			isa = PBXNativeTarget;
			buildConfigurationList = A94F328A0AD78C4900DEF1FD /* Build configuration list for PBXNativeTarget "PortForwardingTester" */;
			buildPhases = (
				A94F32850AD78C2B00DEF1FD /* Sources */,
				A94F32860AD78C2B00DEF1FD /* Frameworks */,
			);
			buildRules = (
			);
			dependencies = (
				A98714190AE8640800E1BBAC /* PBXTargetDependency */,
			);
			name = PortForwardingTester;
			productName = PortForwardingTester;
			productReference = A94F32880AD78C2B00DEF1FD /* PortForwardingTester */;
			productType = "com.apple.product-type.tool";
		};
/* End PBXNativeTarget section */

/* Begin PBXProject section */
		08FB7793FE84155DC02AAC07 /* Project object */ = {
			isa = PBXProject;
			buildConfigurationList = 1DEB927808733DD40010E9CD /* Build configuration list for PBXProject "OpenPortKit" */;
			hasScannedForEncodings = 1;
			mainGroup = 08FB7794FE84155DC02AAC07 /* PMPKit */;
			projectDirPath = "";
			targets = (
				A94F31210AD372C700DEF1FD /* PortForwardingHelper */,
				A94F32870AD78C2B00DEF1FD /* PortForwardingTester */,
				A901BA180AE35A0B00DE485F /* OpenPort Framework */,
			);
		};
/* End PBXProject section */

/* Begin PBXResourcesBuildPhase section */
		A901BA150AE35A0B00DE485F /* Resources */ = {
			isa = PBXResourcesBuildPhase;
			buildActionMask = 2147483647;
			files = (
			);
			runOnlyForDeploymentPostprocessing = 0;
		};
/* End PBXResourcesBuildPhase section */

/* Begin PBXSourcesBuildPhase section */
		A901BA160AE35A0B00DE485F /* Sources */ = {
			isa = PBXSourcesBuildPhase;
			buildActionMask = 2147483647;
			files = (
				A901BA250AE35A5200DE485F /* EZPortForwardClient.m in Sources */,
				A901BA2A0AE35AA500DE485F /* EZPortMapper.m in Sources */,
			);
			runOnlyForDeploymentPostprocessing = 0;
		};
		A94F311F0AD372C700DEF1FD /* Sources */ = {
			isa = PBXSourcesBuildPhase;
			buildActionMask = 2147483647;
			files = (
				A9CDD13C0ADE07AC00CB596D /* EZPortMapperHelpers.m in Sources */,
				A94F321A0AD5F82400DEF1FD /* PortForwardingHelper.m in Sources */,
				A94F321B0AD5F82400DEF1FD /* PortForwardServer.m in Sources */,
			);
			runOnlyForDeploymentPostprocessing = 0;
		};
		A94F32850AD78C2B00DEF1FD /* Sources */ = {
			isa = PBXSourcesBuildPhase;
			buildActionMask = 2147483647;
			files = (
				A94F328D0AD78E3F00DEF1FD /* PortForwardTest.m in Sources */,
			);
			runOnlyForDeploymentPostprocessing = 0;
		};
/* End PBXSourcesBuildPhase section */

/* Begin PBXTargetDependency section */
		A901BA240AE35A2700DE485F /* PBXTargetDependency */ = {
			isa = PBXTargetDependency;
			target = A94F31210AD372C700DEF1FD /* PortForwardingHelper */;
			targetProxy = A901BA230AE35A2700DE485F /* PBXContainerItemProxy */;
		};
		A98714190AE8640800E1BBAC /* PBXTargetDependency */ = {
			isa = PBXTargetDependency;
			target = A901BA180AE35A0B00DE485F /* OpenPort Framework */;
			targetProxy = A98714180AE8640800E1BBAC /* PBXContainerItemProxy */;
		};
/* End PBXTargetDependency section */

/* Begin XCBuildConfiguration section */
		1DEB927908733DD40010E9CD /* Debug */ = {
			isa = XCBuildConfiguration;
			buildSettings = {
				GCC_ENABLE_OBJC_EXCEPTIONS = YES;
				GCC_WARN_ABOUT_RETURN_TYPE = YES;
				GCC_WARN_UNUSED_VARIABLE = YES;
				PREBINDING = NO;
				SDKROOT = /Developer/SDKs/MacOSX10.4u.sdk;
			};
			name = Debug;
		};
		1DEB927A08733DD40010E9CD /* Release */ = {
			isa = XCBuildConfiguration;
			buildSettings = {
				GCC_ENABLE_OBJC_EXCEPTIONS = YES;
				GCC_WARN_ABOUT_RETURN_TYPE = YES;
				GCC_WARN_UNUSED_VARIABLE = YES;
				PREBINDING = NO;
				SDKROOT = /Developer/SDKs/MacOSX10.4u.sdk;
			};
			name = Release;
		};
		A901BA1D0AE35A0C00DE485F /* Debug */ = {
			isa = XCBuildConfiguration;
			buildSettings = {
				COPY_PHASE_STRIP = NO;
				DYLIB_COMPATIBILITY_VERSION = 1;
				DYLIB_CURRENT_VERSION = 1;
				FRAMEWORK_VERSION = A;
				GCC_DYNAMIC_NO_PIC = NO;
				GCC_ENABLE_FIX_AND_CONTINUE = YES;
				GCC_GENERATE_DEBUGGING_SYMBOLS = YES;
				GCC_MODEL_TUNING = G4;
				GCC_OPTIMIZATION_LEVEL = 0;
				GCC_PRECOMPILE_PREFIX_HEADER = NO;
				GCC_PREFIX_HEADER = "";
				INFOPLIST_FILE = "OpenPort Framework-Info.plist";
				INSTALL_PATH = /Library/Frameworks;
				OTHER_LDFLAGS = (
					"-framework",
					Foundation,
				);
				PREBINDING = NO;
				PRODUCT_NAME = OpenPort;
				ZERO_LINK = NO;
			};
			name = Debug;
		};
		A901BA1E0AE35A0C00DE485F /* Release */ = {
			isa = XCBuildConfiguration;
			buildSettings = {
				COPY_PHASE_STRIP = YES;
				DYLIB_COMPATIBILITY_VERSION = 1;
				DYLIB_CURRENT_VERSION = 1;
				FRAMEWORK_VERSION = A;
				GCC_ENABLE_FIX_AND_CONTINUE = NO;
				GCC_GENERATE_DEBUGGING_SYMBOLS = NO;
				GCC_MODEL_TUNING = G4;
				GCC_PRECOMPILE_PREFIX_HEADER = NO;
				GCC_PREFIX_HEADER = "";
				INFOPLIST_FILE = "OpenPort Framework-Info.plist";
				INSTALL_PATH = /Library/Frameworks;
				OTHER_LDFLAGS = (
					"-framework",
					Foundation,
				);
				PREBINDING = NO;
				PRODUCT_NAME = OpenPort;
				ZERO_LINK = NO;
			};
			name = Release;
		};
		A94F31BC0AD3733500DEF1FD /* Debug */ = {
			isa = XCBuildConfiguration;
			buildSettings = {
				COPY_PHASE_STRIP = NO;
				GCC_DYNAMIC_NO_PIC = NO;
				GCC_ENABLE_FIX_AND_CONTINUE = YES;
				GCC_GENERATE_DEBUGGING_SYMBOLS = YES;
				GCC_MODEL_TUNING = G5;
				GCC_OPTIMIZATION_LEVEL = 0;
				GCC_PRECOMPILE_PREFIX_HEADER = "";
				GCC_PREFIX_HEADER = "";
				INSTALL_PATH = "$(HOME)/bin";
				OTHER_LDFLAGS = (
					"-framework",
					Foundation,
				);
				PREBINDING = NO;
				PRODUCT_NAME = PortForwardingHelper;
				ZERO_LINK = NO;
			};
			name = Debug;
		};
		A94F31BD0AD3733500DEF1FD /* Release */ = {
			isa = XCBuildConfiguration;
			buildSettings = {
				COPY_PHASE_STRIP = YES;
				GCC_ENABLE_FIX_AND_CONTINUE = NO;
				GCC_GENERATE_DEBUGGING_SYMBOLS = NO;
				GCC_MODEL_TUNING = G5;
				GCC_PRECOMPILE_PREFIX_HEADER = "";
				GCC_PREFIX_HEADER = "";
				INSTALL_PATH = "$(HOME)/bin";
				OTHER_LDFLAGS = (
					"-framework",
					Foundation,
				);
				PREBINDING = NO;
				PRODUCT_NAME = PortForwardingHelper;
				ZERO_LINK = NO;
			};
			name = Release;
		};
		A94F328B0AD78C4900DEF1FD /* Debug */ = {
			isa = XCBuildConfiguration;
			buildSettings = {
				COPY_PHASE_STRIP = NO;
				GCC_DYNAMIC_NO_PIC = NO;
				GCC_ENABLE_FIX_AND_CONTINUE = YES;
				GCC_GENERATE_DEBUGGING_SYMBOLS = YES;
				GCC_MODEL_TUNING = G5;
				GCC_OPTIMIZATION_LEVEL = 0;
				GCC_PRECOMPILE_PREFIX_HEADER = NO;
				GCC_PREFIX_HEADER = "";
				INSTALL_PATH = "$(HOME)/bin";
				OTHER_LDFLAGS = (
					"-framework",
					Foundation,
					"-framework",
					AppKit,
				);
				PREBINDING = NO;
				PRODUCT_NAME = PortForwardingTester;
				ZERO_LINK = YES;
			};
			name = Debug;
		};
		A94F328C0AD78C4900DEF1FD /* Release */ = {
			isa = XCBuildConfiguration;
			buildSettings = {
				COPY_PHASE_STRIP = YES;
				GCC_ENABLE_FIX_AND_CONTINUE = NO;
				GCC_GENERATE_DEBUGGING_SYMBOLS = NO;
				GCC_MODEL_TUNING = G5;
				GCC_PRECOMPILE_PREFIX_HEADER = YES;
				GCC_PREFIX_HEADER = "$(SYSTEM_LIBRARY_DIR)/Frameworks/AppKit.framework/Headers/AppKit.h";
				INSTALL_PATH = "$(HOME)/bin";
				OTHER_LDFLAGS = (
					"-framework",
					Foundation,
					"-framework",
					AppKit,
				);
				PREBINDING = NO;
				PRODUCT_NAME = PortForwardingTester;
				ZERO_LINK = NO;
			};
			name = Release;
		};
/* End XCBuildConfiguration section */

/* Begin XCConfigurationList section */
		1DEB927808733DD40010E9CD /* Build configuration list for PBXProject "OpenPortKit" */ = {
			isa = XCConfigurationList;
			buildConfigurations = (
				1DEB927908733DD40010E9CD /* Debug */,
				1DEB927A08733DD40010E9CD /* Release */,
			);
			defaultConfigurationIsVisible = 0;
			defaultConfigurationName = Release;
		};
		A901BA1C0AE35A0C00DE485F /* Build configuration list for PBXNativeTarget "OpenPort Framework" */ = {
			isa = XCConfigurationList;
			buildConfigurations = (
				A901BA1D0AE35A0C00DE485F /* Debug */,
				A901BA1E0AE35A0C00DE485F /* Release */,
			);
			defaultConfigurationIsVisible = 0;
			defaultConfigurationName = Release;
		};
		A94F31BB0AD3733500DEF1FD /* Build configuration list for PBXNativeTarget "PortForwardingHelper" */ = {
			isa = XCConfigurationList;
			buildConfigurations = (
				A94F31BC0AD3733500DEF1FD /* Debug */,
				A94F31BD0AD3733500DEF1FD /* Release */,
			);
			defaultConfigurationIsVisible = 0;
			defaultConfigurationName = Release;
		};
		A94F328A0AD78C4900DEF1FD /* Build configuration list for PBXNativeTarget "PortForwardingTester" */ = {
			isa = XCConfigurationList;
			buildConfigurations = (
				A94F328B0AD78C4900DEF1FD /* Debug */,
				A94F328C0AD78C4900DEF1FD /* Release */,
			);
			defaultConfigurationIsVisible = 0;
			defaultConfigurationName = Release;
		};
/* End XCConfigurationList section */
	};
	rootObject = 08FB7793FE84155DC02AAC07 /* Project object */;
}
